
Microsoft Visual Studio Solution File, Format Version 12.00
# Visual Studio Version 17
VisualStudioVersion = 17.6.33829.357
MinimumVisualStudioVersion = 10.0.40219.1
Project("{FAE04EC0-301F-11D3-BF4B-00C04F79EFBC}") = "Exercise    14", "Exercise    14\Exercise    14.csproj", "{3FDD4607-C5B2-4F5B-A627-70D1E200C3BE}"
EndProject
Global
	GlobalSection(SolutionConfigurationPlatforms) = preSolution
		Debug|Any CPU = Debug|Any CPU
		Release|Any CPU = Release|Any CPU
	EndGlobalSection
	GlobalSection(ProjectConfigurationPlatforms) = postSolution
		{3FDD4607-C5B2-4F5B-A627-70D1E200C3BE}.Debug|Any CPU.ActiveCfg = Debug|Any CPU
		{3FDD4607-C5B2-4F5B-A627-70D1E200C3BE}.Debug|Any CPU.Build.0 = Debug|Any CPU
		{3FDD4607-C5B2-4F5B-A627-70D1E200C3BE}.Release|Any CPU.ActiveCfg = Release|Any CPU
		{3FDD4607-C5B2-4F5B-A627-70D1E200C3BE}.Release|Any CPU.Build.0 = Release|Any CPU
	EndGlobalSection
	GlobalSection(SolutionProperties) = preSolution
		HideSolutionNode = FALSE
	EndGlobalSection
	GlobalSection(ExtensibilityGlobals) = postSolution
		SolutionGuid = {C8D80471-AA89-41D5-AD99-44A1532B2C0C}
	EndGlobalSection
EndGlobal
