
Microsoft Visual Studio Solution File, Format Version 12.00
# Visual Studio Version 17
VisualStudioVersion = 17.6.33829.357
MinimumVisualStudioVersion = 10.0.40219.1
Project("{FAE04EC0-301F-11D3-BF4B-00C04F79EFBC}") = "Exercise 10", "Exercise 10\Exercise 10.csproj", "{4FC79696-633E-44A1-8DDE-7EE540A763EB}"
EndProject
Global
	GlobalSection(SolutionConfigurationPlatforms) = preSolution
		Debug|Any CPU = Debug|Any CPU
		Release|Any CPU = Release|Any CPU
	EndGlobalSection
	GlobalSection(ProjectConfigurationPlatforms) = postSolution
		{4FC79696-633E-44A1-8DDE-7EE540A763EB}.Debug|Any CPU.ActiveCfg = Debug|Any CPU
		{4FC79696-633E-44A1-8DDE-7EE540A763EB}.Debug|Any CPU.Build.0 = Debug|Any CPU
		{4FC79696-633E-44A1-8DDE-7EE540A763EB}.Release|Any CPU.ActiveCfg = Release|Any CPU
		{4FC79696-633E-44A1-8DDE-7EE540A763EB}.Release|Any CPU.Build.0 = Release|Any CPU
	EndGlobalSection
	GlobalSection(SolutionProperties) = preSolution
		HideSolutionNode = FALSE
	EndGlobalSection
	GlobalSection(ExtensibilityGlobals) = postSolution
		SolutionGuid = {02E74804-EC24-49C4-966F-8DF09F977FFC}
	EndGlobalSection
EndGlobal
