
Microsoft Visual Studio Solution File, Format Version 12.00
# Visual Studio Version 17
VisualStudioVersion = 17.6.33829.357
MinimumVisualStudioVersion = 10.0.40219.1
Project("{FAE04EC0-301F-11D3-BF4B-00C04F79EFBC}") = "CozaLozaWoza", "CozaLozaWoza\CozaLozaWoza.csproj", "{7BA83FBB-5F06-4B8D-8D27-682B3D04AA01}"
EndProject
Global
	GlobalSection(SolutionConfigurationPlatforms) = preSolution
		Debug|Any CPU = Debug|Any CPU
		Release|Any CPU = Release|Any CPU
	EndGlobalSection
	GlobalSection(ProjectConfigurationPlatforms) = postSolution
		{7BA83FBB-5F06-4B8D-8D27-682B3D04AA01}.Debug|Any CPU.ActiveCfg = Debug|Any CPU
		{7BA83FBB-5F06-4B8D-8D27-682B3D04AA01}.Debug|Any CPU.Build.0 = Debug|Any CPU
		{7BA83FBB-5F06-4B8D-8D27-682B3D04AA01}.Release|Any CPU.ActiveCfg = Release|Any CPU
		{7BA83FBB-5F06-4B8D-8D27-682B3D04AA01}.Release|Any CPU.Build.0 = Release|Any CPU
	EndGlobalSection
	GlobalSection(SolutionProperties) = preSolution
		HideSolutionNode = FALSE
	EndGlobalSection
	GlobalSection(ExtensibilityGlobals) = postSolution
		SolutionGuid = {7308B3A0-D2FB-4183-98B4-E04796A962F5}
	EndGlobalSection
EndGlobal
