
Microsoft Visual Studio Solution File, Format Version 12.00
# Visual Studio Version 17
VisualStudioVersion = 17.6.33829.357
MinimumVisualStudioVersion = 10.0.40219.1
Project("{FAE04EC0-301F-11D3-BF4B-00C04F79EFBC}") = "ConvertInToYearAndDays", "ConvertInToYearAndDays\ConvertInToYearAndDays.csproj", "{5CEF44D3-57CF-4075-85A7-D0DF768EF780}"
EndProject
Global
	GlobalSection(SolutionConfigurationPlatforms) = preSolution
		Debug|Any CPU = Debug|Any CPU
		Release|Any CPU = Release|Any CPU
	EndGlobalSection
	GlobalSection(ProjectConfigurationPlatforms) = postSolution
		{5CEF44D3-57CF-4075-85A7-D0DF768EF780}.Debug|Any CPU.ActiveCfg = Debug|Any CPU
		{5CEF44D3-57CF-4075-85A7-D0DF768EF780}.Debug|Any CPU.Build.0 = Debug|Any CPU
		{5CEF44D3-57CF-4075-85A7-D0DF768EF780}.Release|Any CPU.ActiveCfg = Release|Any CPU
		{5CEF44D3-57CF-4075-85A7-D0DF768EF780}.Release|Any CPU.Build.0 = Release|Any CPU
	EndGlobalSection
	GlobalSection(SolutionProperties) = preSolution
		HideSolutionNode = FALSE
	EndGlobalSection
	GlobalSection(ExtensibilityGlobals) = postSolution
		SolutionGuid = {049CED12-0820-4AA7-8818-FD1CD55B4900}
	EndGlobalSection
EndGlobal
