
Microsoft Visual Studio Solution File, Format Version 12.00
# Visual Studio Version 17
VisualStudioVersion = 17.6.33829.357
MinimumVisualStudioVersion = 10.0.40219.1
Project("{FAE04EC0-301F-11D3-BF4B-00C04F79EFBC}") = "SumOfAllNumbers", "SumOfAllNumbers\SumOfAllNumbers.csproj", "{D4664E44-54B3-4847-B85F-7FB0E3643D7D}"
EndProject
Global
	GlobalSection(SolutionConfigurationPlatforms) = preSolution
		Debug|Any CPU = Debug|Any CPU
		Release|Any CPU = Release|Any CPU
	EndGlobalSection
	GlobalSection(ProjectConfigurationPlatforms) = postSolution
		{D4664E44-54B3-4847-B85F-7FB0E3643D7D}.Debug|Any CPU.ActiveCfg = Debug|Any CPU
		{D4664E44-54B3-4847-B85F-7FB0E3643D7D}.Debug|Any CPU.Build.0 = Debug|Any CPU
		{D4664E44-54B3-4847-B85F-7FB0E3643D7D}.Release|Any CPU.ActiveCfg = Release|Any CPU
		{D4664E44-54B3-4847-B85F-7FB0E3643D7D}.Release|Any CPU.Build.0 = Release|Any CPU
	EndGlobalSection
	GlobalSection(SolutionProperties) = preSolution
		HideSolutionNode = FALSE
	EndGlobalSection
	GlobalSection(ExtensibilityGlobals) = postSolution
		SolutionGuid = {62606DFE-EAC9-4830-8635-028E3D05BB1C}
	EndGlobalSection
EndGlobal
