
Microsoft Visual Studio Solution File, Format Version 12.00
# Visual Studio Version 17
VisualStudioVersion = 17.6.33829.357
MinimumVisualStudioVersion = 10.0.40219.1
Project("{FAE04EC0-301F-11D3-BF4B-00C04F79EFBC}") = "Exercise 6", "Exercise 6\Exercise 6.csproj", "{63C2E99F-3397-47C7-BC89-A59363BA3CD6}"
EndProject
Global
	GlobalSection(SolutionConfigurationPlatforms) = preSolution
		Debug|Any CPU = Debug|Any CPU
		Release|Any CPU = Release|Any CPU
	EndGlobalSection
	GlobalSection(ProjectConfigurationPlatforms) = postSolution
		{63C2E99F-3397-47C7-BC89-A59363BA3CD6}.Debug|Any CPU.ActiveCfg = Debug|Any CPU
		{63C2E99F-3397-47C7-BC89-A59363BA3CD6}.Debug|Any CPU.Build.0 = Debug|Any CPU
		{63C2E99F-3397-47C7-BC89-A59363BA3CD6}.Release|Any CPU.ActiveCfg = Release|Any CPU
		{63C2E99F-3397-47C7-BC89-A59363BA3CD6}.Release|Any CPU.Build.0 = Release|Any CPU
	EndGlobalSection
	GlobalSection(SolutionProperties) = preSolution
		HideSolutionNode = FALSE
	EndGlobalSection
	GlobalSection(ExtensibilityGlobals) = postSolution
		SolutionGuid = {698FA6FC-039E-4F1E-B315-BA87C9F8A70C}
	EndGlobalSection
EndGlobal
